
Microsoft Visual Studio Solution File, Format Version 12.00
# Visual Studio Version 17
VisualStudioVersion = 17.6.33815.320
MinimumVisualStudioVersion = 10.0.40219.1
Project("{9A19103F-16F7-4668-BE54-9A1E7A4F7556}") = "HomeQR", "HomeQR\HomeQR.csproj", "{ED2421C8-812A-4E47-ADE7-863A6C6BEBA5}"
EndProject
Global
	GlobalSection(SolutionConfigurationPlatforms) = preSolution
		Debug|Any CPU = Debug|Any CPU
		Release|Any CPU = Release|Any CPU
	EndGlobalSection
	GlobalSection(ProjectConfigurationPlatforms) = postSolution
		{ED2421C8-812A-4E47-ADE7-863A6C6BEBA5}.Debug|Any CPU.ActiveCfg = Debug|Any CPU
		{ED2421C8-812A-4E47-ADE7-863A6C6BEBA5}.Debug|Any CPU.Build.0 = Debug|Any CPU
		{ED2421C8-812A-4E47-ADE7-863A6C6BEBA5}.Release|Any CPU.ActiveCfg = Release|Any CPU
		{ED2421C8-812A-4E47-ADE7-863A6C6BEBA5}.Release|Any CPU.Build.0 = Release|Any CPU
	EndGlobalSection
	GlobalSection(SolutionProperties) = preSolution
		HideSolutionNode = FALSE
	EndGlobalSection
	GlobalSection(ExtensibilityGlobals) = postSolution
		SolutionGuid = {D36923F2-EDE7-48AC-AA4B-3EACB825CF70}
	EndGlobalSection
EndGlobal
